{
  "name": "react-icons-svg-sprite",
  "version": "0.0.3-f",
  "lockfileVersion": 2,
  "requires": true,
  "packages": {
    "": {
      "name": "react-icons-svg-sprite",
      "version": "0.0.3-f",
      "hasInstallScript": true,
      "license": "ISC",
      "dependencies": {
        "@clack/prompts": "^0.7.0",
        "@types/node": "^20.5.3",
        "node-html-parser": "^6.1.6",
        "picocolors": "^1.0.0",
        "react-dom": "^18.2.0",
        "react-icons": "^4.10.1",
        "yargs-parser": "^21.1.1"
      },
      "bin": {
        "react-icons": "dist/cli.js",
        "react-icons-svg-sprite": "dist/cli.js"
      },
      "devDependencies": {
        "@types/react-dom": "^18.2.7",
        "@types/yargs-parser": "^21.0.0",
        "typescript": "^5.1.6"
      }
    },
    "node_modules/@clack/core": {
      "version": "0.3.3",
      "resolved": "https://registry.npmjs.org/@clack/core/-/core-0.3.3.tgz",
      "integrity": "sha512-5ZGyb75BUBjlll6eOa1m/IZBxwk91dooBWhPSL67sWcLS0zt9SnswRL0l26TVdBhb0wnWORRxUn//uH6n4z7+A==",
      "dependencies": {
        "picocolors": "^1.0.0",
        "sisteransi": "^1.0.5"
      }
    },
    "node_modules/@clack/prompts": {
      "version": "0.7.0",
      "resolved": "https://registry.npmjs.org/@clack/prompts/-/prompts-0.7.0.tgz",
      "integrity": "sha512-0MhX9/B4iL6Re04jPrttDm+BsP8y6mS7byuv0BvXgdXhbV5PdlsHt55dvNsuBCPZ7xq1oTAOOuotR9NFbQyMSA==",
      "bundleDependencies": [
        "is-unicode-supported"
      ],
      "dependencies": {
        "@clack/core": "^0.3.3",
        "is-unicode-supported": "*",
        "picocolors": "^1.0.0",
        "sisteransi": "^1.0.5"
      }
    },
    "node_modules/@clack/prompts/node_modules/is-unicode-supported": {
      "version": "1.3.0",
      "inBundle": true,
      "license": "MIT",
      "engines": {
        "node": ">=12"
      },
      "funding": {
        "url": "https://github.com/sponsors/sindresorhus"
      }
    },
    "node_modules/@types/node": {
      "version": "20.5.3",
      "resolved": "https://registry.npmjs.org/@types/node/-/node-20.5.3.tgz",
      "integrity": "sha512-ITI7rbWczR8a/S6qjAW7DMqxqFMjjTo61qZVWJ1ubPvbIQsL5D/TvwjYEalM8Kthpe3hTzOGrF2TGbAu2uyqeA=="
    },
    "node_modules/@types/prop-types": {
      "version": "15.7.5",
      "resolved": "https://registry.npmjs.org/@types/prop-types/-/prop-types-15.7.5.tgz",
      "integrity": "sha512-JCB8C6SnDoQf0cNycqd/35A7MjcnK+ZTqE7judS6o7utxUCg6imJg3QK2qzHKszlTjcj2cn+NwMB2i96ubpj7w==",
      "dev": true
    },
    "node_modules/@types/react": {
      "version": "18.2.21",
      "resolved": "https://registry.npmjs.org/@types/react/-/react-18.2.21.tgz",
      "integrity": "sha512-neFKG/sBAwGxHgXiIxnbm3/AAVQ/cMRS93hvBpg8xYRbeQSPVABp9U2bRnPf0iI4+Ucdv3plSxKK+3CW2ENJxA==",
      "dev": true,
      "dependencies": {
        "@types/prop-types": "*",
        "@types/scheduler": "*",
        "csstype": "^3.0.2"
      }
    },
    "node_modules/@types/react-dom": {
      "version": "18.2.7",
      "resolved": "https://registry.npmjs.org/@types/react-dom/-/react-dom-18.2.7.tgz",
      "integrity": "sha512-GRaAEriuT4zp9N4p1i8BDBYmEyfo+xQ3yHjJU4eiK5NDa1RmUZG+unZABUTK4/Ox/M+GaHwb6Ow8rUITrtjszA==",
      "dev": true,
      "dependencies": {
        "@types/react": "*"
      }
    },
    "node_modules/@types/scheduler": {
      "version": "0.16.3",
      "resolved": "https://registry.npmjs.org/@types/scheduler/-/scheduler-0.16.3.tgz",
      "integrity": "sha512-5cJ8CB4yAx7BH1oMvdU0Jh9lrEXyPkar6F9G/ERswkCuvP4KQZfZkSjcMbAICCpQTN4OuZn8tz0HiKv9TGZgrQ==",
      "dev": true
    },
    "node_modules/@types/yargs-parser": {
      "version": "21.0.0",
      "resolved": "https://registry.npmjs.org/@types/yargs-parser/-/yargs-parser-21.0.0.tgz",
      "integrity": "sha512-iO9ZQHkZxHn4mSakYV0vFHAVDyEOIJQrV2uZ06HxEPcx+mt8swXoZHIbaaJ2crJYFfErySgktuTZ3BeLz+XmFA==",
      "dev": true
    },
    "node_modules/boolbase": {
      "version": "1.0.0",
      "resolved": "https://registry.npmjs.org/boolbase/-/boolbase-1.0.0.tgz",
      "integrity": "sha512-JZOSA7Mo9sNGB8+UjSgzdLtokWAky1zbztM3WRLCbZ70/3cTANmQmOdR7y2g+J0e2WXywy1yS468tY+IruqEww=="
    },
    "node_modules/css-select": {
      "version": "5.1.0",
      "resolved": "https://registry.npmjs.org/css-select/-/css-select-5.1.0.tgz",
      "integrity": "sha512-nwoRF1rvRRnnCqqY7updORDsuqKzqYJ28+oSMaJMMgOauh3fvwHqMS7EZpIPqK8GL+g9mKxF1vP/ZjSeNjEVHg==",
      "dependencies": {
        "boolbase": "^1.0.0",
        "css-what": "^6.1.0",
        "domhandler": "^5.0.2",
        "domutils": "^3.0.1",
        "nth-check": "^2.0.1"
      },
      "funding": {
        "url": "https://github.com/sponsors/fb55"
      }
    },
    "node_modules/css-what": {
      "version": "6.1.0",
      "resolved": "https://registry.npmjs.org/css-what/-/css-what-6.1.0.tgz",
      "integrity": "sha512-HTUrgRJ7r4dsZKU6GjmpfRK1O76h97Z8MfS1G0FozR+oF2kG6Vfe8JE6zwrkbxigziPHinCJ+gCPjA9EaBDtRw==",
      "engines": {
        "node": ">= 6"
      },
      "funding": {
        "url": "https://github.com/sponsors/fb55"
      }
    },
    "node_modules/csstype": {
      "version": "3.1.2",
      "resolved": "https://registry.npmjs.org/csstype/-/csstype-3.1.2.tgz",
      "integrity": "sha512-I7K1Uu0MBPzaFKg4nI5Q7Vs2t+3gWWW648spaF+Rg7pI9ds18Ugn+lvg4SHczUdKlHI5LWBXyqfS8+DufyBsgQ==",
      "dev": true
    },
    "node_modules/dom-serializer": {
      "version": "2.0.0",
      "resolved": "https://registry.npmjs.org/dom-serializer/-/dom-serializer-2.0.0.tgz",
      "integrity": "sha512-wIkAryiqt/nV5EQKqQpo3SToSOV9J0DnbJqwK7Wv/Trc92zIAYZ4FlMu+JPFW1DfGFt81ZTCGgDEabffXeLyJg==",
      "dependencies": {
        "domelementtype": "^2.3.0",
        "domhandler": "^5.0.2",
        "entities": "^4.2.0"
      },
      "funding": {
        "url": "https://github.com/cheeriojs/dom-serializer?sponsor=1"
      }
    },
    "node_modules/domelementtype": {
      "version": "2.3.0",
      "resolved": "https://registry.npmjs.org/domelementtype/-/domelementtype-2.3.0.tgz",
      "integrity": "sha512-OLETBj6w0OsagBwdXnPdN0cnMfF9opN69co+7ZrbfPGrdpPVNBUj02spi6B1N7wChLQiPn4CSH/zJvXw56gmHw==",
      "funding": [
        {
          "type": "github",
          "url": "https://github.com/sponsors/fb55"
        }
      ]
    },
    "node_modules/domhandler": {
      "version": "5.0.3",
      "resolved": "https://registry.npmjs.org/domhandler/-/domhandler-5.0.3.tgz",
      "integrity": "sha512-cgwlv/1iFQiFnU96XXgROh8xTeetsnJiDsTc7TYCLFd9+/WNkIqPTxiM/8pSd8VIrhXGTf1Ny1q1hquVqDJB5w==",
      "dependencies": {
        "domelementtype": "^2.3.0"
      },
      "engines": {
        "node": ">= 4"
      },
      "funding": {
        "url": "https://github.com/fb55/domhandler?sponsor=1"
      }
    },
    "node_modules/domutils": {
      "version": "3.1.0",
      "resolved": "https://registry.npmjs.org/domutils/-/domutils-3.1.0.tgz",
      "integrity": "sha512-H78uMmQtI2AhgDJjWeQmHwJJ2bLPD3GMmO7Zja/ZZh84wkm+4ut+IUnUdRa8uCGX88DiVx1j6FRe1XfxEgjEZA==",
      "dependencies": {
        "dom-serializer": "^2.0.0",
        "domelementtype": "^2.3.0",
        "domhandler": "^5.0.3"
      },
      "funding": {
        "url": "https://github.com/fb55/domutils?sponsor=1"
      }
    },
    "node_modules/entities": {
      "version": "4.5.0",
      "resolved": "https://registry.npmjs.org/entities/-/entities-4.5.0.tgz",
      "integrity": "sha512-V0hjH4dGPh9Ao5p0MoRY6BVqtwCjhz6vI5LT8AJ55H+4g9/4vbHx1I54fS0XuclLhDHArPQCiMjDxjaL8fPxhw==",
      "engines": {
        "node": ">=0.12"
      },
      "funding": {
        "url": "https://github.com/fb55/entities?sponsor=1"
      }
    },
    "node_modules/he": {
      "version": "1.2.0",
      "resolved": "https://registry.npmjs.org/he/-/he-1.2.0.tgz",
      "integrity": "sha512-F/1DnUGPopORZi0ni+CvrCgHQ5FyEAHRLSApuYWMmrbSwoN2Mn/7k+Gl38gJnR7yyDZk6WLXwiGod1JOWNDKGw==",
      "bin": {
        "he": "bin/he"
      }
    },
    "node_modules/js-tokens": {
      "version": "4.0.0",
      "resolved": "https://registry.npmjs.org/js-tokens/-/js-tokens-4.0.0.tgz",
      "integrity": "sha512-RdJUflcE3cUzKiMqQgsCu06FPu9UdIJO0beYbPhHN4k6apgJtifcoCtT9bcxOpYBtpD2kCM6Sbzg4CausW/PKQ=="
    },
    "node_modules/loose-envify": {
      "version": "1.4.0",
      "resolved": "https://registry.npmjs.org/loose-envify/-/loose-envify-1.4.0.tgz",
      "integrity": "sha512-lyuxPGr/Wfhrlem2CL/UcnUc1zcqKAImBDzukY7Y5F/yQiNdko6+fRLevlw1HgMySw7f611UIY408EtxRSoK3Q==",
      "dependencies": {
        "js-tokens": "^3.0.0 || ^4.0.0"
      },
      "bin": {
        "loose-envify": "cli.js"
      }
    },
    "node_modules/node-html-parser": {
      "version": "6.1.6",
      "resolved": "https://registry.npmjs.org/node-html-parser/-/node-html-parser-6.1.6.tgz",
      "integrity": "sha512-C/MGDQ2NjdjzUq41bW9kW00MPZecAe/oo89vZEFLDfWoQVDk/DdML1yuxVVKLDMFIFax2VTq6Vpfzyn7z5yYgQ==",
      "dependencies": {
        "css-select": "^5.1.0",
        "he": "1.2.0"
      }
    },
    "node_modules/nth-check": {
      "version": "2.1.1",
      "resolved": "https://registry.npmjs.org/nth-check/-/nth-check-2.1.1.tgz",
      "integrity": "sha512-lqjrjmaOoAnWfMmBPL+XNnynZh2+swxiX3WUE0s4yEHI6m+AwrK2UZOimIRl3X/4QctVqS8AiZjFqyOGrMXb/w==",
      "dependencies": {
        "boolbase": "^1.0.0"
      },
      "funding": {
        "url": "https://github.com/fb55/nth-check?sponsor=1"
      }
    },
    "node_modules/picocolors": {
      "version": "1.0.0",
      "resolved": "https://registry.npmjs.org/picocolors/-/picocolors-1.0.0.tgz",
      "integrity": "sha512-1fygroTLlHu66zi26VoTDv8yRgm0Fccecssto+MhsZ0D/DGW2sm8E8AjW7NU5VVTRt5GxbeZ5qBuJr+HyLYkjQ=="
    },
    "node_modules/react": {
      "version": "18.2.0",
      "resolved": "https://registry.npmjs.org/react/-/react-18.2.0.tgz",
      "integrity": "sha512-/3IjMdb2L9QbBdWiW5e3P2/npwMBaU9mHCSCUzNln0ZCYbcfTsGbTJrU/kGemdH2IWmB2ioZ+zkxtmq6g09fGQ==",
      "peer": true,
      "dependencies": {
        "loose-envify": "^1.1.0"
      },
      "engines": {
        "node": ">=0.10.0"
      }
    },
    "node_modules/react-dom": {
      "version": "18.2.0",
      "resolved": "https://registry.npmjs.org/react-dom/-/react-dom-18.2.0.tgz",
      "integrity": "sha512-6IMTriUmvsjHUjNtEDudZfuDQUoWXVxKHhlEGSk81n4YFS+r/Kl99wXiwlVXtPBtJenozv2P+hxDsw9eA7Xo6g==",
      "dependencies": {
        "loose-envify": "^1.1.0",
        "scheduler": "^0.23.0"
      },
      "peerDependencies": {
        "react": "^18.2.0"
      }
    },
    "node_modules/react-icons": {
      "version": "4.10.1",
      "resolved": "https://registry.npmjs.org/react-icons/-/react-icons-4.10.1.tgz",
      "integrity": "sha512-/ngzDP/77tlCfqthiiGNZeYFACw85fUjZtLbedmJ5DTlNDIwETxhwBzdOJ21zj4iJdvc0J3y7yOsX3PpxAJzrw==",
      "peerDependencies": {
        "react": "*"
      }
    },
    "node_modules/scheduler": {
      "version": "0.23.0",
      "resolved": "https://registry.npmjs.org/scheduler/-/scheduler-0.23.0.tgz",
      "integrity": "sha512-CtuThmgHNg7zIZWAXi3AsyIzA3n4xx7aNyjwC2VJldO2LMVDhFK+63xGqq6CsJH4rTAt6/M+N4GhZiDYPx9eUw==",
      "dependencies": {
        "loose-envify": "^1.1.0"
      }
    },
    "node_modules/sisteransi": {
      "version": "1.0.5",
      "resolved": "https://registry.npmjs.org/sisteransi/-/sisteransi-1.0.5.tgz",
      "integrity": "sha512-bLGGlR1QxBcynn2d5YmDX4MGjlZvy2MRBDRNHLJ8VI6l6+9FUiyTFNJ0IveOSP0bcXgVDPRcfGqA0pjaqUpfVg=="
    },
    "node_modules/typescript": {
      "version": "5.1.6",
      "resolved": "https://registry.npmjs.org/typescript/-/typescript-5.1.6.tgz",
      "integrity": "sha512-zaWCozRZ6DLEWAWFrVDz1H6FVXzUSfTy5FUMWsQlU8Ym5JP9eO4xkTIROFCQvhQf61z6O/G6ugw3SgAnvvm+HA==",
      "dev": true,
      "bin": {
        "tsc": "bin/tsc",
        "tsserver": "bin/tsserver"
      },
      "engines": {
        "node": ">=14.17"
      }
    },
    "node_modules/yargs-parser": {
      "version": "21.1.1",
      "resolved": "https://registry.npmjs.org/yargs-parser/-/yargs-parser-21.1.1.tgz",
      "integrity": "sha512-tVpsJW7DdjecAiFpbIB1e3qxIQsE6NoPc5/eTdrbbIC4h0LVsWhnoa3g+m2HclBIujHzsxZ4VJVA+GUuc2/LBw==",
      "engines": {
        "node": ">=12"
      }
    }
  },
  "dependencies": {
    "@clack/core": {
      "version": "0.3.3",
      "resolved": "https://registry.npmjs.org/@clack/core/-/core-0.3.3.tgz",
      "integrity": "sha512-5ZGyb75BUBjlll6eOa1m/IZBxwk91dooBWhPSL67sWcLS0zt9SnswRL0l26TVdBhb0wnWORRxUn//uH6n4z7+A==",
      "requires": {
        "picocolors": "^1.0.0",
        "sisteransi": "^1.0.5"
      }
    },
    "@clack/prompts": {
      "version": "0.7.0",
      "resolved": "https://registry.npmjs.org/@clack/prompts/-/prompts-0.7.0.tgz",
      "integrity": "sha512-0MhX9/B4iL6Re04jPrttDm+BsP8y6mS7byuv0BvXgdXhbV5PdlsHt55dvNsuBCPZ7xq1oTAOOuotR9NFbQyMSA==",
      "requires": {
        "@clack/core": "^0.3.3",
        "is-unicode-supported": "*",
        "picocolors": "^1.0.0",
        "sisteransi": "^1.0.5"
      },
      "dependencies": {
        "is-unicode-supported": {
          "version": "1.3.0",
          "bundled": true
        }
      }
    },
    "@types/node": {
      "version": "20.5.3",
      "resolved": "https://registry.npmjs.org/@types/node/-/node-20.5.3.tgz",
      "integrity": "sha512-ITI7rbWczR8a/S6qjAW7DMqxqFMjjTo61qZVWJ1ubPvbIQsL5D/TvwjYEalM8Kthpe3hTzOGrF2TGbAu2uyqeA=="
    },
    "@types/prop-types": {
      "version": "15.7.5",
      "resolved": "https://registry.npmjs.org/@types/prop-types/-/prop-types-15.7.5.tgz",
      "integrity": "sha512-JCB8C6SnDoQf0cNycqd/35A7MjcnK+ZTqE7judS6o7utxUCg6imJg3QK2qzHKszlTjcj2cn+NwMB2i96ubpj7w==",
      "dev": true
    },
    "@types/react": {
      "version": "18.2.21",
      "resolved": "https://registry.npmjs.org/@types/react/-/react-18.2.21.tgz",
      "integrity": "sha512-neFKG/sBAwGxHgXiIxnbm3/AAVQ/cMRS93hvBpg8xYRbeQSPVABp9U2bRnPf0iI4+Ucdv3plSxKK+3CW2ENJxA==",
      "dev": true,
      "requires": {
        "@types/prop-types": "*",
        "@types/scheduler": "*",
        "csstype": "^3.0.2"
      }
    },
    "@types/react-dom": {
      "version": "18.2.7",
      "resolved": "https://registry.npmjs.org/@types/react-dom/-/react-dom-18.2.7.tgz",
      "integrity": "sha512-GRaAEriuT4zp9N4p1i8BDBYmEyfo+xQ3yHjJU4eiK5NDa1RmUZG+unZABUTK4/Ox/M+GaHwb6Ow8rUITrtjszA==",
      "dev": true,
      "requires": {
        "@types/react": "*"
      }
    },
    "@types/scheduler": {
      "version": "0.16.3",
      "resolved": "https://registry.npmjs.org/@types/scheduler/-/scheduler-0.16.3.tgz",
      "integrity": "sha512-5cJ8CB4yAx7BH1oMvdU0Jh9lrEXyPkar6F9G/ERswkCuvP4KQZfZkSjcMbAICCpQTN4OuZn8tz0HiKv9TGZgrQ==",
      "dev": true
    },
    "@types/yargs-parser": {
      "version": "21.0.0",
      "resolved": "https://registry.npmjs.org/@types/yargs-parser/-/yargs-parser-21.0.0.tgz",
      "integrity": "sha512-iO9ZQHkZxHn4mSakYV0vFHAVDyEOIJQrV2uZ06HxEPcx+mt8swXoZHIbaaJ2crJYFfErySgktuTZ3BeLz+XmFA==",
      "dev": true
    },
    "boolbase": {
      "version": "1.0.0",
      "resolved": "https://registry.npmjs.org/boolbase/-/boolbase-1.0.0.tgz",
      "integrity": "sha512-JZOSA7Mo9sNGB8+UjSgzdLtokWAky1zbztM3WRLCbZ70/3cTANmQmOdR7y2g+J0e2WXywy1yS468tY+IruqEww=="
    },
    "css-select": {
      "version": "5.1.0",
      "resolved": "https://registry.npmjs.org/css-select/-/css-select-5.1.0.tgz",
      "integrity": "sha512-nwoRF1rvRRnnCqqY7updORDsuqKzqYJ28+oSMaJMMgOauh3fvwHqMS7EZpIPqK8GL+g9mKxF1vP/ZjSeNjEVHg==",
      "requires": {
        "boolbase": "^1.0.0",
        "css-what": "^6.1.0",
        "domhandler": "^5.0.2",
        "domutils": "^3.0.1",
        "nth-check": "^2.0.1"
      }
    },
    "css-what": {
      "version": "6.1.0",
      "resolved": "https://registry.npmjs.org/css-what/-/css-what-6.1.0.tgz",
      "integrity": "sha512-HTUrgRJ7r4dsZKU6GjmpfRK1O76h97Z8MfS1G0FozR+oF2kG6Vfe8JE6zwrkbxigziPHinCJ+gCPjA9EaBDtRw=="
    },
    "csstype": {
      "version": "3.1.2",
      "resolved": "https://registry.npmjs.org/csstype/-/csstype-3.1.2.tgz",
      "integrity": "sha512-I7K1Uu0MBPzaFKg4nI5Q7Vs2t+3gWWW648spaF+Rg7pI9ds18Ugn+lvg4SHczUdKlHI5LWBXyqfS8+DufyBsgQ==",
      "dev": true
    },
    "dom-serializer": {
      "version": "2.0.0",
      "resolved": "https://registry.npmjs.org/dom-serializer/-/dom-serializer-2.0.0.tgz",
      "integrity": "sha512-wIkAryiqt/nV5EQKqQpo3SToSOV9J0DnbJqwK7Wv/Trc92zIAYZ4FlMu+JPFW1DfGFt81ZTCGgDEabffXeLyJg==",
      "requires": {
        "domelementtype": "^2.3.0",
        "domhandler": "^5.0.2",
        "entities": "^4.2.0"
      }
    },
    "domelementtype": {
      "version": "2.3.0",
      "resolved": "https://registry.npmjs.org/domelementtype/-/domelementtype-2.3.0.tgz",
      "integrity": "sha512-OLETBj6w0OsagBwdXnPdN0cnMfF9opN69co+7ZrbfPGrdpPVNBUj02spi6B1N7wChLQiPn4CSH/zJvXw56gmHw=="
    },
    "domhandler": {
      "version": "5.0.3",
      "resolved": "https://registry.npmjs.org/domhandler/-/domhandler-5.0.3.tgz",
      "integrity": "sha512-cgwlv/1iFQiFnU96XXgROh8xTeetsnJiDsTc7TYCLFd9+/WNkIqPTxiM/8pSd8VIrhXGTf1Ny1q1hquVqDJB5w==",
      "requires": {
        "domelementtype": "^2.3.0"
      }
    },
    "domutils": {
      "version": "3.1.0",
      "resolved": "https://registry.npmjs.org/domutils/-/domutils-3.1.0.tgz",
      "integrity": "sha512-H78uMmQtI2AhgDJjWeQmHwJJ2bLPD3GMmO7Zja/ZZh84wkm+4ut+IUnUdRa8uCGX88DiVx1j6FRe1XfxEgjEZA==",
      "requires": {
        "dom-serializer": "^2.0.0",
        "domelementtype": "^2.3.0",
        "domhandler": "^5.0.3"
      }
    },
    "entities": {
      "version": "4.5.0",
      "resolved": "https://registry.npmjs.org/entities/-/entities-4.5.0.tgz",
      "integrity": "sha512-V0hjH4dGPh9Ao5p0MoRY6BVqtwCjhz6vI5LT8AJ55H+4g9/4vbHx1I54fS0XuclLhDHArPQCiMjDxjaL8fPxhw=="
    },
    "he": {
      "version": "1.2.0",
      "resolved": "https://registry.npmjs.org/he/-/he-1.2.0.tgz",
      "integrity": "sha512-F/1DnUGPopORZi0ni+CvrCgHQ5FyEAHRLSApuYWMmrbSwoN2Mn/7k+Gl38gJnR7yyDZk6WLXwiGod1JOWNDKGw=="
    },
    "js-tokens": {
      "version": "4.0.0",
      "resolved": "https://registry.npmjs.org/js-tokens/-/js-tokens-4.0.0.tgz",
      "integrity": "sha512-RdJUflcE3cUzKiMqQgsCu06FPu9UdIJO0beYbPhHN4k6apgJtifcoCtT9bcxOpYBtpD2kCM6Sbzg4CausW/PKQ=="
    },
    "loose-envify": {
      "version": "1.4.0",
      "resolved": "https://registry.npmjs.org/loose-envify/-/loose-envify-1.4.0.tgz",
      "integrity": "sha512-lyuxPGr/Wfhrlem2CL/UcnUc1zcqKAImBDzukY7Y5F/yQiNdko6+fRLevlw1HgMySw7f611UIY408EtxRSoK3Q==",
      "requires": {
        "js-tokens": "^3.0.0 || ^4.0.0"
      }
    },
    "node-html-parser": {
      "version": "6.1.6",
      "resolved": "https://registry.npmjs.org/node-html-parser/-/node-html-parser-6.1.6.tgz",
      "integrity": "sha512-C/MGDQ2NjdjzUq41bW9kW00MPZecAe/oo89vZEFLDfWoQVDk/DdML1yuxVVKLDMFIFax2VTq6Vpfzyn7z5yYgQ==",
      "requires": {
        "css-select": "^5.1.0",
        "he": "1.2.0"
      }
    },
    "nth-check": {
      "version": "2.1.1",
      "resolved": "https://registry.npmjs.org/nth-check/-/nth-check-2.1.1.tgz",
      "integrity": "sha512-lqjrjmaOoAnWfMmBPL+XNnynZh2+swxiX3WUE0s4yEHI6m+AwrK2UZOimIRl3X/4QctVqS8AiZjFqyOGrMXb/w==",
      "requires": {
        "boolbase": "^1.0.0"
      }
    },
    "picocolors": {
      "version": "1.0.0",
      "resolved": "https://registry.npmjs.org/picocolors/-/picocolors-1.0.0.tgz",
      "integrity": "sha512-1fygroTLlHu66zi26VoTDv8yRgm0Fccecssto+MhsZ0D/DGW2sm8E8AjW7NU5VVTRt5GxbeZ5qBuJr+HyLYkjQ=="
    },
    "react": {
      "version": "18.2.0",
      "resolved": "https://registry.npmjs.org/react/-/react-18.2.0.tgz",
      "integrity": "sha512-/3IjMdb2L9QbBdWiW5e3P2/npwMBaU9mHCSCUzNln0ZCYbcfTsGbTJrU/kGemdH2IWmB2ioZ+zkxtmq6g09fGQ==",
      "peer": true,
      "requires": {
        "loose-envify": "^1.1.0"
      }
    },
    "react-dom": {
      "version": "18.2.0",
      "resolved": "https://registry.npmjs.org/react-dom/-/react-dom-18.2.0.tgz",
      "integrity": "sha512-6IMTriUmvsjHUjNtEDudZfuDQUoWXVxKHhlEGSk81n4YFS+r/Kl99wXiwlVXtPBtJenozv2P+hxDsw9eA7Xo6g==",
      "requires": {
        "loose-envify": "^1.1.0",
        "scheduler": "^0.23.0"
      }
    },
    "react-icons": {
      "version": "4.10.1",
      "resolved": "https://registry.npmjs.org/react-icons/-/react-icons-4.10.1.tgz",
      "integrity": "sha512-/ngzDP/77tlCfqthiiGNZeYFACw85fUjZtLbedmJ5DTlNDIwETxhwBzdOJ21zj4iJdvc0J3y7yOsX3PpxAJzrw==",
      "requires": {}
    },
    "scheduler": {
      "version": "0.23.0",
      "resolved": "https://registry.npmjs.org/scheduler/-/scheduler-0.23.0.tgz",
      "integrity": "sha512-CtuThmgHNg7zIZWAXi3AsyIzA3n4xx7aNyjwC2VJldO2LMVDhFK+63xGqq6CsJH4rTAt6/M+N4GhZiDYPx9eUw==",
      "requires": {
        "loose-envify": "^1.1.0"
      }
    },
    "sisteransi": {
      "version": "1.0.5",
      "resolved": "https://registry.npmjs.org/sisteransi/-/sisteransi-1.0.5.tgz",
      "integrity": "sha512-bLGGlR1QxBcynn2d5YmDX4MGjlZvy2MRBDRNHLJ8VI6l6+9FUiyTFNJ0IveOSP0bcXgVDPRcfGqA0pjaqUpfVg=="
    },
    "typescript": {
      "version": "5.1.6",
      "resolved": "https://registry.npmjs.org/typescript/-/typescript-5.1.6.tgz",
      "integrity": "sha512-zaWCozRZ6DLEWAWFrVDz1H6FVXzUSfTy5FUMWsQlU8Ym5JP9eO4xkTIROFCQvhQf61z6O/G6ugw3SgAnvvm+HA==",
      "dev": true
    },
    "yargs-parser": {
      "version": "21.1.1",
      "resolved": "https://registry.npmjs.org/yargs-parser/-/yargs-parser-21.1.1.tgz",
      "integrity": "sha512-tVpsJW7DdjecAiFpbIB1e3qxIQsE6NoPc5/eTdrbbIC4h0LVsWhnoa3g+m2HclBIujHzsxZ4VJVA+GUuc2/LBw=="
    }
  }
}
